
Microsoft Visual Studio Solution File, Format Version 12.00
# Visual Studio Version 17
VisualStudioVersion = 17.11.35327.3
MinimumVisualStudioVersion = 10.0.40219.1
Project("{FAE04EC0-301F-11D3-BF4B-00C04F79EFBC}") = "componentes", "componentes\componentes.csproj", "{BB13C887-9EDD-472C-BE60-A920B81E9472}"
EndProject
Project("{FAE04EC0-301F-11D3-BF4B-00C04F79EFBC}") = "componentesBA", "componentesBA\componentesBA.csproj", "{60481DC3-42FC-4918-B204-25FC1E721D0E}"
EndProject
Global
	GlobalSection(SolutionConfigurationPlatforms) = preSolution
		Debug|Any CPU = Debug|Any CPU
		Release|Any CPU = Release|Any CPU
	EndGlobalSection
	GlobalSection(ProjectConfigurationPlatforms) = postSolution
		{BB13C887-9EDD-472C-BE60-A920B81E9472}.Debug|Any CPU.ActiveCfg = Debug|Any CPU
		{BB13C887-9EDD-472C-BE60-A920B81E9472}.Debug|Any CPU.Build.0 = Debug|Any CPU
		{BB13C887-9EDD-472C-BE60-A920B81E9472}.Release|Any CPU.ActiveCfg = Release|Any CPU
		{BB13C887-9EDD-472C-BE60-A920B81E9472}.Release|Any CPU.Build.0 = Release|Any CPU
		{60481DC3-42FC-4918-B204-25FC1E721D0E}.Debug|Any CPU.ActiveCfg = Debug|Any CPU
		{60481DC3-42FC-4918-B204-25FC1E721D0E}.Debug|Any CPU.Build.0 = Debug|Any CPU
		{60481DC3-42FC-4918-B204-25FC1E721D0E}.Release|Any CPU.ActiveCfg = Release|Any CPU
		{60481DC3-42FC-4918-B204-25FC1E721D0E}.Release|Any CPU.Build.0 = Release|Any CPU
	EndGlobalSection
	GlobalSection(SolutionProperties) = preSolution
		HideSolutionNode = FALSE
	EndGlobalSection
	GlobalSection(ExtensibilityGlobals) = postSolution
		SolutionGuid = {F5921519-69D4-4FEB-8BBA-B864815BF4DB}
	EndGlobalSection
EndGlobal
